# THIS IS AN AUTOGENERATED FILE. DO NOT EDIT THIS FILE DIRECTLY.
# yarn lockfile v1


node-bin-setup@^1.0.0:
  version "1.0.6"
  resolved "https://registry.yarnpkg.com/node-bin-setup/-/node-bin-setup-1.0.6.tgz#4b5c9bb937ece702d7069b36ca78af4684677528"
  integrity sha512-uPIxXNis1CRbv1DwqAxkgBk5NFV3s7cMN/Gf556jSw6jBvV7ca4F9lRL/8cALcZecRibeqU+5dFYqFFmzv5a0Q==

node@^11.10.0:
  version "11.10.0"
  resolved "https://registry.yarnpkg.com/node/-/node-11.10.0.tgz#f6ed6667d9e0f6bace726579a227a14cc7b02b15"
  integrity sha512-UTNYa/0oUWaXSXU6S7VtTxY7pY8KQgbNeRzGyHowxsDISd0SHkMFqxzuoFMMHyrH5inBDBHJ7AwXKqBlx48jCA==
  dependencies:
    node-bin-setup "^1.0.0"

string-hash@^1.1.3:
  version "1.1.3"
  resolved "https://registry.yarnpkg.com/string-hash/-/string-hash-1.1.3.tgz#e8aafc0ac1855b4666929ed7dd1275df5d6c811b"
  integrity sha1-6Kr8CsGFW0Zmkp7X3RJ1311sgRs=
